// !$*UTF8*$!
{
	archiveVersion = 1;
	classes = {
	};
	objectVersion = 50;
	objects = {

/* Begin PBXBuildFile section */
		4E321BE5268102EC00A24EAB /* LibTableViewCell.swift in Sources */ = {isa = PBXBuildFile; fileRef = 4E321BE4268102EC00A24EAB /* LibTableViewCell.swift */; };
		4E321BE7268106E900A24EAB /* LibraryTab.storyboard in Resources */ = {isa = PBXBuildFile; fileRef = 4E321BE6268106E900A24EAB /* LibraryTab.storyboard */; };
		4E321BE92681071D00A24EAB /* DiscoverTab.storyboard in Resources */ = {isa = PBXBuildFile; fileRef = 4E321BE82681071D00A24EAB /* DiscoverTab.storyboard */; };
		4E321BEB268107EE00A24EAB /* FavoritesTab.storyboard in Resources */ = {isa = PBXBuildFile; fileRef = 4E321BEA268107EE00A24EAB /* FavoritesTab.storyboard */; };
		4E321BF02681200D00A24EAB /* AlbumViewController.swift in Sources */ = {isa = PBXBuildFile; fileRef = 4E321BEF2681200D00A24EAB /* AlbumViewController.swift */; };
		4E321BF22681233300A24EAB /* AlbumViewCell.swift in Sources */ = {isa = PBXBuildFile; fileRef = 4E321BF12681233300A24EAB /* AlbumViewCell.swift */; };
		4E4F3805267D031C0037C9FA /* AppDelegate.swift in Sources */ = {isa = PBXBuildFile; fileRef = 4E4F3804267D031C0037C9FA /* AppDelegate.swift */; };
		4E4F3807267D031C0037C9FA /* SceneDelegate.swift in Sources */ = {isa = PBXBuildFile; fileRef = 4E4F3806267D031C0037C9FA /* SceneDelegate.swift */; };
		4E4F3809267D031C0037C9FA /* ViewController.swift in Sources */ = {isa = PBXBuildFile; fileRef = 4E4F3808267D031C0037C9FA /* ViewController.swift */; };
		4E4F380E267D031D0037C9FA /* Assets.xcassets in Resources */ = {isa = PBXBuildFile; fileRef = 4E4F380D267D031D0037C9FA /* Assets.xcassets */; };
		4E4F3811267D031D0037C9FA /* LaunchScreen.storyboard in Resources */ = {isa = PBXBuildFile; fileRef = 4E4F380F267D031D0037C9FA /* LaunchScreen.storyboard */; };
		4E4F3819267D05F70037C9FA /* data.json in Resources */ = {isa = PBXBuildFile; fileRef = 4E4F3818267D05F70037C9FA /* data.json */; };
		4E4F381D267D07030037C9FA /* Main.storyboard in Resources */ = {isa = PBXBuildFile; fileRef = 4E4F381C267D07030037C9FA /* Main.storyboard */; };
		4E4F3828267D35000037C9FA /* LibViewController.swift in Sources */ = {isa = PBXBuildFile; fileRef = 4E4F3827267D35000037C9FA /* LibViewController.swift */; };
		F4B299D026826DB80085A170 /* Playing.storyboard in Resources */ = {isa = PBXBuildFile; fileRef = F4B299CF26826DB80085A170 /* Playing.storyboard */; };
		4E605EF726825D5B000CB908 /* AlbumDetailViewController.swift in Sources */ = {isa = PBXBuildFile; fileRef = 4E605EF626825D5B000CB908 /* AlbumDetailViewController.swift */; };
		4EBF54122683A8AF0047709E /* MusicService.swift in Sources */ = {isa = PBXBuildFile; fileRef = 4EBF54112683A8AF0047709E /* MusicService.swift */; };
		4EBF54142683AD860047709E /* DetailViewCell.swift in Sources */ = {isa = PBXBuildFile; fileRef = 4EBF54132683AD860047709E /* DetailViewCell.swift */; };
		4EBF54162683BCBE0047709E /* DetailViewBottomCell.swift in Sources */ = {isa = PBXBuildFile; fileRef = 4EBF54152683BCBE0047709E /* DetailViewBottomCell.swift */; };
/* End PBXBuildFile section */

/* Begin PBXFileReference section */
		4E321BE4268102EC00A24EAB /* LibTableViewCell.swift */ = {isa = PBXFileReference; lastKnownFileType = sourcecode.swift; name = LibTableViewCell.swift; path = NotSpotify/ViewCell/LibTableViewCell.swift; sourceTree = SOURCE_ROOT; };
		4E321BE6268106E900A24EAB /* LibraryTab.storyboard */ = {isa = PBXFileReference; fileEncoding = 4; lastKnownFileType = file.storyboard; path = LibraryTab.storyboard; sourceTree = "<group>"; };
		4E321BE82681071D00A24EAB /* DiscoverTab.storyboard */ = {isa = PBXFileReference; fileEncoding = 4; lastKnownFileType = file.storyboard; path = DiscoverTab.storyboard; sourceTree = "<group>"; };
		4E321BEA268107EE00A24EAB /* FavoritesTab.storyboard */ = {isa = PBXFileReference; fileEncoding = 4; lastKnownFileType = file.storyboard; path = FavoritesTab.storyboard; sourceTree = "<group>"; };
		4E321BEF2681200D00A24EAB /* AlbumViewController.swift */ = {isa = PBXFileReference; lastKnownFileType = sourcecode.swift; path = AlbumViewController.swift; sourceTree = "<group>"; };
		4E321BF12681233300A24EAB /* AlbumViewCell.swift */ = {isa = PBXFileReference; lastKnownFileType = sourcecode.swift; path = AlbumViewCell.swift; sourceTree = "<group>"; };
		4E4F3801267D031C0037C9FA /* NotSpotify.app */ = {isa = PBXFileReference; explicitFileType = wrapper.application; includeInIndex = 0; path = NotSpotify.app; sourceTree = BUILT_PRODUCTS_DIR; };
		4E4F3804267D031C0037C9FA /* AppDelegate.swift */ = {isa = PBXFileReference; lastKnownFileType = sourcecode.swift; path = AppDelegate.swift; sourceTree = "<group>"; };
		4E4F3806267D031C0037C9FA /* SceneDelegate.swift */ = {isa = PBXFileReference; lastKnownFileType = sourcecode.swift; path = SceneDelegate.swift; sourceTree = "<group>"; };
		4E4F3808267D031C0037C9FA /* ViewController.swift */ = {isa = PBXFileReference; lastKnownFileType = sourcecode.swift; path = ViewController.swift; sourceTree = "<group>"; };
		4E4F380D267D031D0037C9FA /* Assets.xcassets */ = {isa = PBXFileReference; lastKnownFileType = folder.assetcatalog; path = Assets.xcassets; sourceTree = "<group>"; };
		4E4F3810267D031D0037C9FA /* Base */ = {isa = PBXFileReference; lastKnownFileType = file.storyboard; name = Base; path = Base.lproj/LaunchScreen.storyboard; sourceTree = "<group>"; };
		4E4F3812267D031D0037C9FA /* Info.plist */ = {isa = PBXFileReference; lastKnownFileType = text.plist.xml; path = Info.plist; sourceTree = "<group>"; };
		4E4F3818267D05F70037C9FA /* data.json */ = {isa = PBXFileReference; fileEncoding = 4; lastKnownFileType = text.json; name = data.json; path = ../data.json; sourceTree = "<group>"; };
		4E4F381C267D07030037C9FA /* Main.storyboard */ = {isa = PBXFileReference; lastKnownFileType = file.storyboard; path = Main.storyboard; sourceTree = "<group>"; };
		4E4F3827267D35000037C9FA /* LibViewController.swift */ = {isa = PBXFileReference; lastKnownFileType = sourcecode.swift; path = LibViewController.swift; sourceTree = "<group>"; };
		F4B299CF26826DB80085A170 /* Playing.storyboard */ = {isa = PBXFileReference; lastKnownFileType = file.storyboard; path = Playing.storyboard; sourceTree = "<group>"; };
		4E605EF626825D5B000CB908 /* AlbumDetailViewController.swift */ = {isa = PBXFileReference; lastKnownFileType = sourcecode.swift; path = AlbumDetailViewController.swift; sourceTree = "<group>"; };
		4EBF54112683A8AF0047709E /* MusicService.swift */ = {isa = PBXFileReference; fileEncoding = 4; lastKnownFileType = sourcecode.swift; path = MusicService.swift; sourceTree = "<group>"; };
		4EBF54132683AD860047709E /* DetailViewCell.swift */ = {isa = PBXFileReference; lastKnownFileType = sourcecode.swift; path = DetailViewCell.swift; sourceTree = "<group>"; };
		4EBF54152683BCBE0047709E /* DetailViewBottomCell.swift */ = {isa = PBXFileReference; lastKnownFileType = sourcecode.swift; path = DetailViewBottomCell.swift; sourceTree = "<group>"; };
/* End PBXFileReference section */

/* Begin PBXFrameworksBuildPhase section */
		4E4F37FE267D031C0037C9FA /* Frameworks */ = {
			isa = PBXFrameworksBuildPhase;
			buildActionMask = 2147483647;
			files = (
			);
			runOnlyForDeploymentPostprocessing = 0;
		};
/* End PBXFrameworksBuildPhase section */

/* Begin PBXGroup section */
		4E321BEE26810D2F00A24EAB /* ViewCell */ = {
			isa = PBXGroup;
			children = (
				4E321BE4268102EC00A24EAB /* LibTableViewCell.swift */,
				4E321BF12681233300A24EAB /* AlbumViewCell.swift */,
				4EBF54132683AD860047709E /* DetailViewCell.swift */,
				4EBF54152683BCBE0047709E /* DetailViewBottomCell.swift */,
			);
			path = ViewCell;
			sourceTree = "<group>";
		};
		4E4F37F8267D031C0037C9FA = {
			isa = PBXGroup;
			children = (
				4E4F3803267D031C0037C9FA /* NotSpotify */,
				4E4F3802267D031C0037C9FA /* Products */,
			);
			sourceTree = "<group>";
		};
		4E4F3802267D031C0037C9FA /* Products */ = {
			isa = PBXGroup;
			children = (
				4E4F3801267D031C0037C9FA /* NotSpotify.app */,
			);
			name = Products;
			sourceTree = "<group>";
		};
		4E4F3803267D031C0037C9FA /* NotSpotify */ = {
			isa = PBXGroup;
			children = (
				4E321BEE26810D2F00A24EAB /* ViewCell */,
				4E4F3826267D28D90037C9FA /* ViewControllers */,
				4E4F3825267D28C80037C9FA /* Data */,
				4E4F3824267D28AE0037C9FA /* Storyboards */,
				4E4F3804267D031C0037C9FA /* AppDelegate.swift */,
				4E4F3806267D031C0037C9FA /* SceneDelegate.swift */,
				4E4F380D267D031D0037C9FA /* Assets.xcassets */,
				4E4F3812267D031D0037C9FA /* Info.plist */,
			);
			path = NotSpotify;
			sourceTree = "<group>";
		};
		4E4F3824267D28AE0037C9FA /* Storyboards */ = {
			isa = PBXGroup;
			children = (
				4E4F381C267D07030037C9FA /* Main.storyboard */,
				4E321BEA268107EE00A24EAB /* FavoritesTab.storyboard */,
				4E321BE82681071D00A24EAB /* DiscoverTab.storyboard */,
				4E321BE6268106E900A24EAB /* LibraryTab.storyboard */,
				4E4F380F267D031D0037C9FA /* LaunchScreen.storyboard */,
				F4B299CF26826DB80085A170 /* Playing.storyboard */,
			);
			path = Storyboards;
			sourceTree = "<group>";
		};
		4E4F3825267D28C80037C9FA /* Data */ = {
			isa = PBXGroup;
			children = (
				4E4F3818267D05F70037C9FA /* data.json */,
				4EBF54112683A8AF0047709E /* MusicService.swift */,
			);
			path = Data;
			sourceTree = "<group>";
		};
		4E4F3826267D28D90037C9FA /* ViewControllers */ = {
			isa = PBXGroup;
			children = (
				4E4F3808267D031C0037C9FA /* ViewController.swift */,
				4E4F3827267D35000037C9FA /* LibViewController.swift */,
				4E321BEF2681200D00A24EAB /* AlbumViewController.swift */,
				4E605EF626825D5B000CB908 /* AlbumDetailViewController.swift */,
			);
			path = ViewControllers;
			sourceTree = "<group>";
		};
/* End PBXGroup section */

/* Begin PBXNativeTarget section */
		4E4F3800267D031C0037C9FA /* NotSpotify */ = {
			isa = PBXNativeTarget;
			buildConfigurationList = 4E4F3815267D031D0037C9FA /* Build configuration list for PBXNativeTarget "NotSpotify" */;
			buildPhases = (
				4E4F37FD267D031C0037C9FA /* Sources */,
				4E4F37FE267D031C0037C9FA /* Frameworks */,
				4E4F37FF267D031C0037C9FA /* Resources */,
			);
			buildRules = (
			);
			dependencies = (
			);
			name = NotSpotify;
			productName = NotSpotify;
			productReference = 4E4F3801267D031C0037C9FA /* NotSpotify.app */;
			productType = "com.apple.product-type.application";
		};
/* End PBXNativeTarget section */

/* Begin PBXProject section */
		4E4F37F9267D031C0037C9FA /* Project object */ = {
			isa = PBXProject;
			attributes = {
				LastSwiftUpdateCheck = 1250;
				LastUpgradeCheck = 1250;
				TargetAttributes = {
					4E4F3800267D031C0037C9FA = {
						CreatedOnToolsVersion = 12.5;
					};
				};
			};
			buildConfigurationList = 4E4F37FC267D031C0037C9FA /* Build configuration list for PBXProject "NotSpotify" */;
			compatibilityVersion = "Xcode 9.3";
			developmentRegion = en;
			hasScannedForEncodings = 0;
			knownRegions = (
				en,
				Base,
			);
			mainGroup = 4E4F37F8267D031C0037C9FA;
			productRefGroup = 4E4F3802267D031C0037C9FA /* Products */;
			projectDirPath = "";
			projectRoot = "";
			targets = (
				4E4F3800267D031C0037C9FA /* NotSpotify */,
			);
		};
/* End PBXProject section */

/* Begin PBXResourcesBuildPhase section */
		4E4F37FF267D031C0037C9FA /* Resources */ = {
			isa = PBXResourcesBuildPhase;
			buildActionMask = 2147483647;
			files = (
				4E321BEB268107EE00A24EAB /* FavoritesTab.storyboard in Resources */,
				4E321BE7268106E900A24EAB /* LibraryTab.storyboard in Resources */,
				4E4F3811267D031D0037C9FA /* LaunchScreen.storyboard in Resources */,
				4E4F380E267D031D0037C9FA /* Assets.xcassets in Resources */,
				4E321BE92681071D00A24EAB /* DiscoverTab.storyboard in Resources */,
				F4B299D026826DB80085A170 /* Playing.storyboard in Resources */,
				4E4F381D267D07030037C9FA /* Main.storyboard in Resources */,
				4E4F3819267D05F70037C9FA /* data.json in Resources */,
			);
			runOnlyForDeploymentPostprocessing = 0;
		};
/* End PBXResourcesBuildPhase section */

/* Begin PBXSourcesBuildPhase section */
		4E4F37FD267D031C0037C9FA /* Sources */ = {
			isa = PBXSourcesBuildPhase;
			buildActionMask = 2147483647;
			files = (
				4E4F3828267D35000037C9FA /* LibViewController.swift in Sources */,
				4EBF54122683A8AF0047709E /* MusicService.swift in Sources */,
				4E4F3809267D031C0037C9FA /* ViewController.swift in Sources */,
				4EBF54162683BCBE0047709E /* DetailViewBottomCell.swift in Sources */,
				4E321BF22681233300A24EAB /* AlbumViewCell.swift in Sources */,
				4E4F3805267D031C0037C9FA /* AppDelegate.swift in Sources */,
				4E321BE5268102EC00A24EAB /* LibTableViewCell.swift in Sources */,
				4E605EF726825D5B000CB908 /* AlbumDetailViewController.swift in Sources */,
				4EBF54142683AD860047709E /* DetailViewCell.swift in Sources */,
				4E4F3807267D031C0037C9FA /* SceneDelegate.swift in Sources */,
				4E321BF02681200D00A24EAB /* AlbumViewController.swift in Sources */,
			);
			runOnlyForDeploymentPostprocessing = 0;
		};
/* End PBXSourcesBuildPhase section */

/* Begin PBXVariantGroup section */
		4E4F380F267D031D0037C9FA /* LaunchScreen.storyboard */ = {
			isa = PBXVariantGroup;
			children = (
				4E4F3810267D031D0037C9FA /* Base */,
			);
			name = LaunchScreen.storyboard;
			sourceTree = "<group>";
		};
/* End PBXVariantGroup section */

/* Begin XCBuildConfiguration section */
		4E4F3813267D031D0037C9FA /* Debug */ = {
			isa = XCBuildConfiguration;
			buildSettings = {
				ALWAYS_SEARCH_USER_PATHS = NO;
				CLANG_ANALYZER_NONNULL = YES;
				CLANG_ANALYZER_NUMBER_OBJECT_CONVERSION = YES_AGGRESSIVE;
				CLANG_CXX_LANGUAGE_STANDARD = "gnu++14";
				CLANG_CXX_LIBRARY = "libc++";
				CLANG_ENABLE_MODULES = YES;
				CLANG_ENABLE_OBJC_ARC = YES;
				CLANG_ENABLE_OBJC_WEAK = YES;
				CLANG_WARN_BLOCK_CAPTURE_AUTORELEASING = YES;
				CLANG_WARN_BOOL_CONVERSION = YES;
				CLANG_WARN_COMMA = YES;
				CLANG_WARN_CONSTANT_CONVERSION = YES;
				CLANG_WARN_DEPRECATED_OBJC_IMPLEMENTATIONS = YES;
				CLANG_WARN_DIRECT_OBJC_ISA_USAGE = YES_ERROR;
				CLANG_WARN_DOCUMENTATION_COMMENTS = YES;
				CLANG_WARN_EMPTY_BODY = YES;
				CLANG_WARN_ENUM_CONVERSION = YES;
				CLANG_WARN_INFINITE_RECURSION = YES;
				CLANG_WARN_INT_CONVERSION = YES;
				CLANG_WARN_NON_LITERAL_NULL_CONVERSION = YES;
				CLANG_WARN_OBJC_IMPLICIT_RETAIN_SELF = YES;
				CLANG_WARN_OBJC_LITERAL_CONVERSION = YES;
				CLANG_WARN_OBJC_ROOT_CLASS = YES_ERROR;
				CLANG_WARN_QUOTED_INCLUDE_IN_FRAMEWORK_HEADER = YES;
				CLANG_WARN_RANGE_LOOP_ANALYSIS = YES;
				CLANG_WARN_STRICT_PROTOTYPES = YES;
				CLANG_WARN_SUSPICIOUS_MOVE = YES;
				CLANG_WARN_UNGUARDED_AVAILABILITY = YES_AGGRESSIVE;
				CLANG_WARN_UNREACHABLE_CODE = YES;
				CLANG_WARN__DUPLICATE_METHOD_MATCH = YES;
				COPY_PHASE_STRIP = NO;
				DEBUG_INFORMATION_FORMAT = dwarf;
				ENABLE_STRICT_OBJC_MSGSEND = YES;
				ENABLE_TESTABILITY = YES;
				GCC_C_LANGUAGE_STANDARD = gnu11;
				GCC_DYNAMIC_NO_PIC = NO;
				GCC_NO_COMMON_BLOCKS = YES;
				GCC_OPTIMIZATION_LEVEL = 0;
				GCC_PREPROCESSOR_DEFINITIONS = (
					"DEBUG=1",
					"$(inherited)",
				);
				GCC_WARN_64_TO_32_BIT_CONVERSION = YES;
				GCC_WARN_ABOUT_RETURN_TYPE = YES_ERROR;
				GCC_WARN_UNDECLARED_SELECTOR = YES;
				GCC_WARN_UNINITIALIZED_AUTOS = YES_AGGRESSIVE;
				GCC_WARN_UNUSED_FUNCTION = YES;
				GCC_WARN_UNUSED_VARIABLE = YES;
				IPHONEOS_DEPLOYMENT_TARGET = 14.5;
				MTL_ENABLE_DEBUG_INFO = INCLUDE_SOURCE;
				MTL_FAST_MATH = YES;
				ONLY_ACTIVE_ARCH = YES;
				SDKROOT = iphoneos;
				SWIFT_ACTIVE_COMPILATION_CONDITIONS = DEBUG;
				SWIFT_OPTIMIZATION_LEVEL = "-Onone";
			};
			name = Debug;
		};
		4E4F3814267D031D0037C9FA /* Release */ = {
			isa = XCBuildConfiguration;
			buildSettings = {
				ALWAYS_SEARCH_USER_PATHS = NO;
				CLANG_ANALYZER_NONNULL = YES;
				CLANG_ANALYZER_NUMBER_OBJECT_CONVERSION = YES_AGGRESSIVE;
				CLANG_CXX_LANGUAGE_STANDARD = "gnu++14";
				CLANG_CXX_LIBRARY = "libc++";
				CLANG_ENABLE_MODULES = YES;
				CLANG_ENABLE_OBJC_ARC = YES;
				CLANG_ENABLE_OBJC_WEAK = YES;
				CLANG_WARN_BLOCK_CAPTURE_AUTORELEASING = YES;
				CLANG_WARN_BOOL_CONVERSION = YES;
				CLANG_WARN_COMMA = YES;
				CLANG_WARN_CONSTANT_CONVERSION = YES;
				CLANG_WARN_DEPRECATED_OBJC_IMPLEMENTATIONS = YES;
				CLANG_WARN_DIRECT_OBJC_ISA_USAGE = YES_ERROR;
				CLANG_WARN_DOCUMENTATION_COMMENTS = YES;
				CLANG_WARN_EMPTY_BODY = YES;
				CLANG_WARN_ENUM_CONVERSION = YES;
				CLANG_WARN_INFINITE_RECURSION = YES;
				CLANG_WARN_INT_CONVERSION = YES;
				CLANG_WARN_NON_LITERAL_NULL_CONVERSION = YES;
				CLANG_WARN_OBJC_IMPLICIT_RETAIN_SELF = YES;
				CLANG_WARN_OBJC_LITERAL_CONVERSION = YES;
				CLANG_WARN_OBJC_ROOT_CLASS = YES_ERROR;
				CLANG_WARN_QUOTED_INCLUDE_IN_FRAMEWORK_HEADER = YES;
				CLANG_WARN_RANGE_LOOP_ANALYSIS = YES;
				CLANG_WARN_STRICT_PROTOTYPES = YES;
				CLANG_WARN_SUSPICIOUS_MOVE = YES;
				CLANG_WARN_UNGUARDED_AVAILABILITY = YES_AGGRESSIVE;
				CLANG_WARN_UNREACHABLE_CODE = YES;
				CLANG_WARN__DUPLICATE_METHOD_MATCH = YES;
				COPY_PHASE_STRIP = NO;
				DEBUG_INFORMATION_FORMAT = "dwarf-with-dsym";
				ENABLE_NS_ASSERTIONS = NO;
				ENABLE_STRICT_OBJC_MSGSEND = YES;
				GCC_C_LANGUAGE_STANDARD = gnu11;
				GCC_NO_COMMON_BLOCKS = YES;
				GCC_WARN_64_TO_32_BIT_CONVERSION = YES;
				GCC_WARN_ABOUT_RETURN_TYPE = YES_ERROR;
				GCC_WARN_UNDECLARED_SELECTOR = YES;
				GCC_WARN_UNINITIALIZED_AUTOS = YES_AGGRESSIVE;
				GCC_WARN_UNUSED_FUNCTION = YES;
				GCC_WARN_UNUSED_VARIABLE = YES;
				IPHONEOS_DEPLOYMENT_TARGET = 14.5;
				MTL_ENABLE_DEBUG_INFO = NO;
				MTL_FAST_MATH = YES;
				SDKROOT = iphoneos;
				SWIFT_COMPILATION_MODE = wholemodule;
				SWIFT_OPTIMIZATION_LEVEL = "-O";
				VALIDATE_PRODUCT = YES;
			};
			name = Release;
		};
		4E4F3816267D031D0037C9FA /* Debug */ = {
			isa = XCBuildConfiguration;
			buildSettings = {
				ASSETCATALOG_COMPILER_APPICON_NAME = AppIcon;
				ASSETCATALOG_COMPILER_GLOBAL_ACCENT_COLOR_NAME = AccentColor;
				CODE_SIGN_STYLE = Automatic;
				DEVELOPMENT_TEAM = 478594C4R9;
				INFOPLIST_FILE = NotSpotify/Info.plist;
				LD_RUNPATH_SEARCH_PATHS = (
					"$(inherited)",
					"@executable_path/Frameworks",
				);
				PRODUCT_BUNDLE_IDENTIFIER = com.terminal.NotSpotify;
				PRODUCT_NAME = "$(TARGET_NAME)";
				SWIFT_VERSION = 5.0;
				TARGETED_DEVICE_FAMILY = "1,2";
			};
			name = Debug;
		};
		4E4F3817267D031D0037C9FA /* Release */ = {
			isa = XCBuildConfiguration;
			buildSettings = {
				ASSETCATALOG_COMPILER_APPICON_NAME = AppIcon;
				ASSETCATALOG_COMPILER_GLOBAL_ACCENT_COLOR_NAME = AccentColor;
				CODE_SIGN_STYLE = Automatic;
				DEVELOPMENT_TEAM = 478594C4R9;
				INFOPLIST_FILE = NotSpotify/Info.plist;
				LD_RUNPATH_SEARCH_PATHS = (
					"$(inherited)",
					"@executable_path/Frameworks",
				);
				PRODUCT_BUNDLE_IDENTIFIER = com.terminal.NotSpotify;
				PRODUCT_NAME = "$(TARGET_NAME)";
				SWIFT_VERSION = 5.0;
				TARGETED_DEVICE_FAMILY = "1,2";
			};
			name = Release;
		};
/* End XCBuildConfiguration section */

/* Begin XCConfigurationList section */
		4E4F37FC267D031C0037C9FA /* Build configuration list for PBXProject "NotSpotify" */ = {
			isa = XCConfigurationList;
			buildConfigurations = (
				4E4F3813267D031D0037C9FA /* Debug */,
				4E4F3814267D031D0037C9FA /* Release */,
			);
			defaultConfigurationIsVisible = 0;
			defaultConfigurationName = Release;
		};
		4E4F3815267D031D0037C9FA /* Build configuration list for PBXNativeTarget "NotSpotify" */ = {
			isa = XCConfigurationList;
			buildConfigurations = (
				4E4F3816267D031D0037C9FA /* Debug */,
				4E4F3817267D031D0037C9FA /* Release */,
			);
			defaultConfigurationIsVisible = 0;
			defaultConfigurationName = Release;
		};
/* End XCConfigurationList section */
	};
	rootObject = 4E4F37F9267D031C0037C9FA /* Project object */;
}
